
Microsoft Visual Studio Solution File, Format Version 12.00
# Visual Studio 15
VisualStudioVersion = 15.0.28010.2050
MinimumVisualStudioVersion = 10.0.40219.1
Project("{9A19103F-16F7-4668-BE54-9A1E7A4F7556}") = "ProjectTDD", "ProjectTDD.csproj", "{01507F63-3886-4769-AD50-E08D859A1C47}"
EndProject
Global
	GlobalSection(SolutionConfigurationPlatforms) = preSolution
		Debug|Any CPU = Debug|Any CPU
		Release|Any CPU = Release|Any CPU
	EndGlobalSection
	GlobalSection(ProjectConfigurationPlatforms) = postSolution
		{01507F63-3886-4769-AD50-E08D859A1C47}.Debug|Any CPU.ActiveCfg = Debug|Any CPU
		{01507F63-3886-4769-AD50-E08D859A1C47}.Debug|Any CPU.Build.0 = Debug|Any CPU
		{01507F63-3886-4769-AD50-E08D859A1C47}.Release|Any CPU.ActiveCfg = Release|Any CPU
		{01507F63-3886-4769-AD50-E08D859A1C47}.Release|Any CPU.Build.0 = Release|Any CPU
	EndGlobalSection
	GlobalSection(SolutionProperties) = preSolution
		HideSolutionNode = FALSE
	EndGlobalSection
	GlobalSection(ExtensibilityGlobals) = postSolution
		SolutionGuid = {C70FD75A-7681-4251-A18C-B20D210351D8}
	EndGlobalSection
EndGlobal
